
Microsoft Visual Studio Solution File, Format Version 12.00
# Visual Studio Version 16
VisualStudioVersion = 16.0.31112.23
MinimumVisualStudioVersion = 10.0.40219.1
Project("{FAE04EC0-301F-11D3-BF4B-00C04F79EFBC}") = "LocalStreaming", "LocalStreaming\LocalStreaming.csproj", "{C79B385C-5D82-459B-9079-8308B0C6CBCD}"
EndProject
Project("{FAE04EC0-301F-11D3-BF4B-00C04F79EFBC}") = "LocalStreamingApp.Android", "LocalStreamingApp\LocalStreamingApp.Android\LocalStreamingApp.Android.csproj", "{DCC54045-EB56-49AC-82BC-CE03AB3CB2EC}"
EndProject
Project("{FAE04EC0-301F-11D3-BF4B-00C04F79EFBC}") = "LocalStreamingApp", "LocalStreamingApp\LocalStreamingApp\LocalStreamingApp.csproj", "{A26391DF-43A9-4289-BD90-0A9BFF43518A}"
EndProject
Global
	GlobalSection(SolutionConfigurationPlatforms) = preSolution
		Debug|Any CPU = Debug|Any CPU
		Release|Any CPU = Release|Any CPU
	EndGlobalSection
	GlobalSection(ProjectConfigurationPlatforms) = postSolution
		{C79B385C-5D82-459B-9079-8308B0C6CBCD}.Debug|Any CPU.ActiveCfg = Debug|Any CPU
		{C79B385C-5D82-459B-9079-8308B0C6CBCD}.Debug|Any CPU.Build.0 = Debug|Any CPU
		{C79B385C-5D82-459B-9079-8308B0C6CBCD}.Release|Any CPU.ActiveCfg = Release|Any CPU
		{C79B385C-5D82-459B-9079-8308B0C6CBCD}.Release|Any CPU.Build.0 = Release|Any CPU
		{DCC54045-EB56-49AC-82BC-CE03AB3CB2EC}.Debug|Any CPU.ActiveCfg = Debug|Any CPU
		{DCC54045-EB56-49AC-82BC-CE03AB3CB2EC}.Debug|Any CPU.Build.0 = Debug|Any CPU
		{DCC54045-EB56-49AC-82BC-CE03AB3CB2EC}.Debug|Any CPU.Deploy.0 = Debug|Any CPU
		{DCC54045-EB56-49AC-82BC-CE03AB3CB2EC}.Release|Any CPU.ActiveCfg = Release|Any CPU
		{DCC54045-EB56-49AC-82BC-CE03AB3CB2EC}.Release|Any CPU.Build.0 = Release|Any CPU
		{DCC54045-EB56-49AC-82BC-CE03AB3CB2EC}.Release|Any CPU.Deploy.0 = Release|Any CPU
		{A26391DF-43A9-4289-BD90-0A9BFF43518A}.Debug|Any CPU.ActiveCfg = Debug|Any CPU
		{A26391DF-43A9-4289-BD90-0A9BFF43518A}.Debug|Any CPU.Build.0 = Debug|Any CPU
		{A26391DF-43A9-4289-BD90-0A9BFF43518A}.Release|Any CPU.ActiveCfg = Release|Any CPU
		{A26391DF-43A9-4289-BD90-0A9BFF43518A}.Release|Any CPU.Build.0 = Release|Any CPU
	EndGlobalSection
	GlobalSection(SolutionProperties) = preSolution
		HideSolutionNode = FALSE
	EndGlobalSection
	GlobalSection(ExtensibilityGlobals) = postSolution
		SolutionGuid = {8B8AA695-E2AF-4C47-8504-B1E755AD1A8E}
	EndGlobalSection
EndGlobal
